
Microsoft Visual Studio Solution File, Format Version 12.00
# Visual Studio 15
Project("{FAE04EC0-301F-11D3-BF4B-00C04F79EFBC}") = "Assembly-CSharp", "Assembly-CSharp.csproj", "{B05D809D-F503-5F4C-6F98-ACD97DE51DCF}"
EndProject
Project("{FAE04EC0-301F-11D3-BF4B-00C04F79EFBC}") = "Assembly-CSharp-Editor", "Assembly-CSharp-Editor.csproj", "{A9E2185A-6164-6349-0C0C-178143288A14}"
EndProject
Global
	GlobalSection(SolutionConfigurationPlatforms) = preSolution
		Debug|Any CPU = Debug|Any CPU
		Release|Any CPU = Release|Any CPU
	EndGlobalSection
	GlobalSection(ProjectConfigurationPlatforms) = postSolution
		{B05D809D-F503-5F4C-6F98-ACD97DE51DCF}.Debug|Any CPU.ActiveCfg = Debug|Any CPU
		{B05D809D-F503-5F4C-6F98-ACD97DE51DCF}.Debug|Any CPU.Build.0 = Debug|Any CPU
		{B05D809D-F503-5F4C-6F98-ACD97DE51DCF}.Release|Any CPU.ActiveCfg = Release|Any CPU
		{B05D809D-F503-5F4C-6F98-ACD97DE51DCF}.Release|Any CPU.Build.0 = Release|Any CPU
		{A9E2185A-6164-6349-0C0C-178143288A14}.Debug|Any CPU.ActiveCfg = Debug|Any CPU
		{A9E2185A-6164-6349-0C0C-178143288A14}.Debug|Any CPU.Build.0 = Debug|Any CPU
		{A9E2185A-6164-6349-0C0C-178143288A14}.Release|Any CPU.ActiveCfg = Release|Any CPU
		{A9E2185A-6164-6349-0C0C-178143288A14}.Release|Any CPU.Build.0 = Release|Any CPU
	EndGlobalSection
	GlobalSection(SolutionProperties) = preSolution
		HideSolutionNode = FALSE
	EndGlobalSection
EndGlobal
